// !$*UTF8*$!
{
	archiveVersion = 1;
	classes = {
	};
	objectVersion = 50;
	objects = {

/* Begin PBXBuildFile section */
		92244F44277EF66000A5F5D8 /* AppDelegate.swift in Sources */ = {isa = PBXBuildFile; fileRef = 92244F43277EF66000A5F5D8 /* AppDelegate.swift */; };
		92244F46277EF66000A5F5D8 /* SceneDelegate.swift in Sources */ = {isa = PBXBuildFile; fileRef = 92244F45277EF66000A5F5D8 /* SceneDelegate.swift */; };
		92244F48277EF66000A5F5D8 /* DrawingViewController.swift in Sources */ = {isa = PBXBuildFile; fileRef = 92244F47277EF66000A5F5D8 /* DrawingViewController.swift */; };
		92244F4B277EF66000A5F5D8 /* Main.storyboard in Resources */ = {isa = PBXBuildFile; fileRef = 92244F49277EF66000A5F5D8 /* Main.storyboard */; };
		92244F4D277EF66100A5F5D8 /* Assets.xcassets in Resources */ = {isa = PBXBuildFile; fileRef = 92244F4C277EF66100A5F5D8 /* Assets.xcassets */; };
		92244F50277EF66100A5F5D8 /* LaunchScreen.storyboard in Resources */ = {isa = PBXBuildFile; fileRef = 92244F4E277EF66100A5F5D8 /* LaunchScreen.storyboard */; };
		92244F59277EFA2C00A5F5D8 /* DrawingView.swift in Sources */ = {isa = PBXBuildFile; fileRef = 92244F58277EFA2C00A5F5D8 /* DrawingView.swift */; };
/* End PBXBuildFile section */

/* Begin PBXFileReference section */
		92244F40277EF66000A5F5D8 /* hw24_Obj-C_Denis_Drawings.app */ = {isa = PBXFileReference; explicitFileType = wrapper.application; includeInIndex = 0; path = "hw24_Obj-C_Denis_Drawings.app"; sourceTree = BUILT_PRODUCTS_DIR; };
		92244F43277EF66000A5F5D8 /* AppDelegate.swift */ = {isa = PBXFileReference; lastKnownFileType = sourcecode.swift; path = AppDelegate.swift; sourceTree = "<group>"; };
		92244F45277EF66000A5F5D8 /* SceneDelegate.swift */ = {isa = PBXFileReference; lastKnownFileType = sourcecode.swift; path = SceneDelegate.swift; sourceTree = "<group>"; };
		92244F47277EF66000A5F5D8 /* DrawingViewController.swift */ = {isa = PBXFileReference; lastKnownFileType = sourcecode.swift; path = DrawingViewController.swift; sourceTree = "<group>"; };
		92244F4A277EF66000A5F5D8 /* Base */ = {isa = PBXFileReference; lastKnownFileType = file.storyboard; name = Base; path = Base.lproj/Main.storyboard; sourceTree = "<group>"; };
		92244F4C277EF66100A5F5D8 /* Assets.xcassets */ = {isa = PBXFileReference; lastKnownFileType = folder.assetcatalog; path = Assets.xcassets; sourceTree = "<group>"; };
		92244F4F277EF66100A5F5D8 /* Base */ = {isa = PBXFileReference; lastKnownFileType = file.storyboard; name = Base; path = Base.lproj/LaunchScreen.storyboard; sourceTree = "<group>"; };
		92244F51277EF66100A5F5D8 /* Info.plist */ = {isa = PBXFileReference; lastKnownFileType = text.plist.xml; path = Info.plist; sourceTree = "<group>"; };
		92244F58277EFA2C00A5F5D8 /* DrawingView.swift */ = {isa = PBXFileReference; lastKnownFileType = sourcecode.swift; path = DrawingView.swift; sourceTree = "<group>"; };
/* End PBXFileReference section */

/* Begin PBXFrameworksBuildPhase section */
		92244F3D277EF66000A5F5D8 /* Frameworks */ = {
			isa = PBXFrameworksBuildPhase;
			buildActionMask = 2147483647;
			files = (
			);
			runOnlyForDeploymentPostprocessing = 0;
		};
/* End PBXFrameworksBuildPhase section */

/* Begin PBXGroup section */
		92244F37277EF66000A5F5D8 = {
			isa = PBXGroup;
			children = (
				92244F42277EF66000A5F5D8 /* hw24_Obj-C_Denis_Drawings */,
				92244F41277EF66000A5F5D8 /* Products */,
			);
			sourceTree = "<group>";
		};
		92244F41277EF66000A5F5D8 /* Products */ = {
			isa = PBXGroup;
			children = (
				92244F40277EF66000A5F5D8 /* hw24_Obj-C_Denis_Drawings.app */,
			);
			name = Products;
			sourceTree = "<group>";
		};
		92244F42277EF66000A5F5D8 /* hw24_Obj-C_Denis_Drawings */ = {
			isa = PBXGroup;
			children = (
				92244F43277EF66000A5F5D8 /* AppDelegate.swift */,
				92244F45277EF66000A5F5D8 /* SceneDelegate.swift */,
				92244F58277EFA2C00A5F5D8 /* DrawingView.swift */,
				92244F47277EF66000A5F5D8 /* DrawingViewController.swift */,
				92244F4C277EF66100A5F5D8 /* Assets.xcassets */,
				92244F4E277EF66100A5F5D8 /* LaunchScreen.storyboard */,
				92244F49277EF66000A5F5D8 /* Main.storyboard */,
				92244F51277EF66100A5F5D8 /* Info.plist */,
			);
			path = "hw24_Obj-C_Denis_Drawings";
			sourceTree = "<group>";
		};
/* End PBXGroup section */

/* Begin PBXNativeTarget section */
		92244F3F277EF66000A5F5D8 /* hw24_Obj-C_Denis_Drawings */ = {
			isa = PBXNativeTarget;
			buildConfigurationList = 92244F54277EF66100A5F5D8 /* Build configuration list for PBXNativeTarget "hw24_Obj-C_Denis_Drawings" */;
			buildPhases = (
				92244F3C277EF66000A5F5D8 /* Sources */,
				92244F3D277EF66000A5F5D8 /* Frameworks */,
				92244F3E277EF66000A5F5D8 /* Resources */,
			);
			buildRules = (
			);
			dependencies = (
			);
			name = "hw24_Obj-C_Denis_Drawings";
			productName = "hw24_Obj-C_Denis_Drawings";
			productReference = 92244F40277EF66000A5F5D8 /* hw24_Obj-C_Denis_Drawings.app */;
			productType = "com.apple.product-type.application";
		};
/* End PBXNativeTarget section */

/* Begin PBXProject section */
		92244F38277EF66000A5F5D8 /* Project object */ = {
			isa = PBXProject;
			attributes = {
				LastSwiftUpdateCheck = 1240;
				LastUpgradeCheck = 1240;
				TargetAttributes = {
					92244F3F277EF66000A5F5D8 = {
						CreatedOnToolsVersion = 12.4;
					};
				};
			};
			buildConfigurationList = 92244F3B277EF66000A5F5D8 /* Build configuration list for PBXProject "hw24_Obj-C_Denis_Drawings" */;
			compatibilityVersion = "Xcode 9.3";
			developmentRegion = en;
			hasScannedForEncodings = 0;
			knownRegions = (
				en,
				Base,
			);
			mainGroup = 92244F37277EF66000A5F5D8;
			productRefGroup = 92244F41277EF66000A5F5D8 /* Products */;
			projectDirPath = "";
			projectRoot = "";
			targets = (
				92244F3F277EF66000A5F5D8 /* hw24_Obj-C_Denis_Drawings */,
			);
		};
/* End PBXProject section */

/* Begin PBXResourcesBuildPhase section */
		92244F3E277EF66000A5F5D8 /* Resources */ = {
			isa = PBXResourcesBuildPhase;
			buildActionMask = 2147483647;
			files = (
				92244F50277EF66100A5F5D8 /* LaunchScreen.storyboard in Resources */,
				92244F4D277EF66100A5F5D8 /* Assets.xcassets in Resources */,
				92244F4B277EF66000A5F5D8 /* Main.storyboard in Resources */,
			);
			runOnlyForDeploymentPostprocessing = 0;
		};
/* End PBXResourcesBuildPhase section */

/* Begin PBXSourcesBuildPhase section */
		92244F3C277EF66000A5F5D8 /* Sources */ = {
			isa = PBXSourcesBuildPhase;
			buildActionMask = 2147483647;
			files = (
				92244F48277EF66000A5F5D8 /* DrawingViewController.swift in Sources */,
				92244F59277EFA2C00A5F5D8 /* DrawingView.swift in Sources */,
				92244F44277EF66000A5F5D8 /* AppDelegate.swift in Sources */,
				92244F46277EF66000A5F5D8 /* SceneDelegate.swift in Sources */,
			);
			runOnlyForDeploymentPostprocessing = 0;
		};
/* End PBXSourcesBuildPhase section */

/* Begin PBXVariantGroup section */
		92244F49277EF66000A5F5D8 /* Main.storyboard */ = {
			isa = PBXVariantGroup;
			children = (
				92244F4A277EF66000A5F5D8 /* Base */,
			);
			name = Main.storyboard;
			sourceTree = "<group>";
		};
		92244F4E277EF66100A5F5D8 /* LaunchScreen.storyboard */ = {
			isa = PBXVariantGroup;
			children = (
				92244F4F277EF66100A5F5D8 /* Base */,
			);
			name = LaunchScreen.storyboard;
			sourceTree = "<group>";
		};
/* End PBXVariantGroup section */

/* Begin XCBuildConfiguration section */
		92244F52277EF66100A5F5D8 /* Debug */ = {
			isa = XCBuildConfiguration;
			buildSettings = {
				ALWAYS_SEARCH_USER_PATHS = NO;
				CLANG_ANALYZER_NONNULL = YES;
				CLANG_ANALYZER_NUMBER_OBJECT_CONVERSION = YES_AGGRESSIVE;
				CLANG_CXX_LANGUAGE_STANDARD = "gnu++14";
				CLANG_CXX_LIBRARY = "libc++";
				CLANG_ENABLE_MODULES = YES;
				CLANG_ENABLE_OBJC_ARC = YES;
				CLANG_ENABLE_OBJC_WEAK = YES;
				CLANG_WARN_BLOCK_CAPTURE_AUTORELEASING = YES;
				CLANG_WARN_BOOL_CONVERSION = YES;
				CLANG_WARN_COMMA = YES;
				CLANG_WARN_CONSTANT_CONVERSION = YES;
				CLANG_WARN_DEPRECATED_OBJC_IMPLEMENTATIONS = YES;
				CLANG_WARN_DIRECT_OBJC_ISA_USAGE = YES_ERROR;
				CLANG_WARN_DOCUMENTATION_COMMENTS = YES;
				CLANG_WARN_EMPTY_BODY = YES;
				CLANG_WARN_ENUM_CONVERSION = YES;
				CLANG_WARN_INFINITE_RECURSION = YES;
				CLANG_WARN_INT_CONVERSION = YES;
				CLANG_WARN_NON_LITERAL_NULL_CONVERSION = YES;
				CLANG_WARN_OBJC_IMPLICIT_RETAIN_SELF = YES;
				CLANG_WARN_OBJC_LITERAL_CONVERSION = YES;
				CLANG_WARN_OBJC_ROOT_CLASS = YES_ERROR;
				CLANG_WARN_QUOTED_INCLUDE_IN_FRAMEWORK_HEADER = YES;
				CLANG_WARN_RANGE_LOOP_ANALYSIS = YES;
				CLANG_WARN_STRICT_PROTOTYPES = YES;
				CLANG_WARN_SUSPICIOUS_MOVE = YES;
				CLANG_WARN_UNGUARDED_AVAILABILITY = YES_AGGRESSIVE;
				CLANG_WARN_UNREACHABLE_CODE = YES;
				CLANG_WARN__DUPLICATE_METHOD_MATCH = YES;
				COPY_PHASE_STRIP = NO;
				DEBUG_INFORMATION_FORMAT = dwarf;
				ENABLE_STRICT_OBJC_MSGSEND = YES;
				ENABLE_TESTABILITY = YES;
				GCC_C_LANGUAGE_STANDARD = gnu11;
				GCC_DYNAMIC_NO_PIC = NO;
				GCC_NO_COMMON_BLOCKS = YES;
				GCC_OPTIMIZATION_LEVEL = 0;
				GCC_PREPROCESSOR_DEFINITIONS = (
					"DEBUG=1",
					"$(inherited)",
				);
				GCC_WARN_64_TO_32_BIT_CONVERSION = YES;
				GCC_WARN_ABOUT_RETURN_TYPE = YES_ERROR;
				GCC_WARN_UNDECLARED_SELECTOR = YES;
				GCC_WARN_UNINITIALIZED_AUTOS = YES_AGGRESSIVE;
				GCC_WARN_UNUSED_FUNCTION = YES;
				GCC_WARN_UNUSED_VARIABLE = YES;
				IPHONEOS_DEPLOYMENT_TARGET = 14.4;
				MTL_ENABLE_DEBUG_INFO = INCLUDE_SOURCE;
				MTL_FAST_MATH = YES;
				ONLY_ACTIVE_ARCH = YES;
				SDKROOT = iphoneos;
				SWIFT_ACTIVE_COMPILATION_CONDITIONS = DEBUG;
				SWIFT_OPTIMIZATION_LEVEL = "-Onone";
			};
			name = Debug;
		};
		92244F53277EF66100A5F5D8 /* Release */ = {
			isa = XCBuildConfiguration;
			buildSettings = {
				ALWAYS_SEARCH_USER_PATHS = NO;
				CLANG_ANALYZER_NONNULL = YES;
				CLANG_ANALYZER_NUMBER_OBJECT_CONVERSION = YES_AGGRESSIVE;
				CLANG_CXX_LANGUAGE_STANDARD = "gnu++14";
				CLANG_CXX_LIBRARY = "libc++";
				CLANG_ENABLE_MODULES = YES;
				CLANG_ENABLE_OBJC_ARC = YES;
				CLANG_ENABLE_OBJC_WEAK = YES;
				CLANG_WARN_BLOCK_CAPTURE_AUTORELEASING = YES;
				CLANG_WARN_BOOL_CONVERSION = YES;
				CLANG_WARN_COMMA = YES;
				CLANG_WARN_CONSTANT_CONVERSION = YES;
				CLANG_WARN_DEPRECATED_OBJC_IMPLEMENTATIONS = YES;
				CLANG_WARN_DIRECT_OBJC_ISA_USAGE = YES_ERROR;
				CLANG_WARN_DOCUMENTATION_COMMENTS = YES;
				CLANG_WARN_EMPTY_BODY = YES;
				CLANG_WARN_ENUM_CONVERSION = YES;
				CLANG_WARN_INFINITE_RECURSION = YES;
				CLANG_WARN_INT_CONVERSION = YES;
				CLANG_WARN_NON_LITERAL_NULL_CONVERSION = YES;
				CLANG_WARN_OBJC_IMPLICIT_RETAIN_SELF = YES;
				CLANG_WARN_OBJC_LITERAL_CONVERSION = YES;
				CLANG_WARN_OBJC_ROOT_CLASS = YES_ERROR;
				CLANG_WARN_QUOTED_INCLUDE_IN_FRAMEWORK_HEADER = YES;
				CLANG_WARN_RANGE_LOOP_ANALYSIS = YES;
				CLANG_WARN_STRICT_PROTOTYPES = YES;
				CLANG_WARN_SUSPICIOUS_MOVE = YES;
				CLANG_WARN_UNGUARDED_AVAILABILITY = YES_AGGRESSIVE;
				CLANG_WARN_UNREACHABLE_CODE = YES;
				CLANG_WARN__DUPLICATE_METHOD_MATCH = YES;
				COPY_PHASE_STRIP = NO;
				DEBUG_INFORMATION_FORMAT = "dwarf-with-dsym";
				ENABLE_NS_ASSERTIONS = NO;
				ENABLE_STRICT_OBJC_MSGSEND = YES;
				GCC_C_LANGUAGE_STANDARD = gnu11;
				GCC_NO_COMMON_BLOCKS = YES;
				GCC_WARN_64_TO_32_BIT_CONVERSION = YES;
				GCC_WARN_ABOUT_RETURN_TYPE = YES_ERROR;
				GCC_WARN_UNDECLARED_SELECTOR = YES;
				GCC_WARN_UNINITIALIZED_AUTOS = YES_AGGRESSIVE;
				GCC_WARN_UNUSED_FUNCTION = YES;
				GCC_WARN_UNUSED_VARIABLE = YES;
				IPHONEOS_DEPLOYMENT_TARGET = 14.4;
				MTL_ENABLE_DEBUG_INFO = NO;
				MTL_FAST_MATH = YES;
				SDKROOT = iphoneos;
				SWIFT_COMPILATION_MODE = wholemodule;
				SWIFT_OPTIMIZATION_LEVEL = "-O";
				VALIDATE_PRODUCT = YES;
			};
			name = Release;
		};
		92244F55277EF66100A5F5D8 /* Debug */ = {
			isa = XCBuildConfiguration;
			buildSettings = {
				ASSETCATALOG_COMPILER_APPICON_NAME = AppIcon;
				ASSETCATALOG_COMPILER_GLOBAL_ACCENT_COLOR_NAME = AccentColor;
				CODE_SIGN_STYLE = Automatic;
				INFOPLIST_FILE = "hw24_Obj-C_Denis_Drawings/Info.plist";
				LD_RUNPATH_SEARCH_PATHS = (
					"$(inherited)",
					"@executable_path/Frameworks",
				);
				PRODUCT_BUNDLE_IDENTIFIER = "Denis.hw24-Obj-C-Denis-Drawings";
				PRODUCT_NAME = "$(TARGET_NAME)";
				SWIFT_VERSION = 5.0;
				TARGETED_DEVICE_FAMILY = "1,2";
			};
			name = Debug;
		};
		92244F56277EF66100A5F5D8 /* Release */ = {
			isa = XCBuildConfiguration;
			buildSettings = {
				ASSETCATALOG_COMPILER_APPICON_NAME = AppIcon;
				ASSETCATALOG_COMPILER_GLOBAL_ACCENT_COLOR_NAME = AccentColor;
				CODE_SIGN_STYLE = Automatic;
				INFOPLIST_FILE = "hw24_Obj-C_Denis_Drawings/Info.plist";
				LD_RUNPATH_SEARCH_PATHS = (
					"$(inherited)",
					"@executable_path/Frameworks",
				);
				PRODUCT_BUNDLE_IDENTIFIER = "Denis.hw24-Obj-C-Denis-Drawings";
				PRODUCT_NAME = "$(TARGET_NAME)";
				SWIFT_VERSION = 5.0;
				TARGETED_DEVICE_FAMILY = "1,2";
			};
			name = Release;
		};
/* End XCBuildConfiguration section */

/* Begin XCConfigurationList section */
		92244F3B277EF66000A5F5D8 /* Build configuration list for PBXProject "hw24_Obj-C_Denis_Drawings" */ = {
			isa = XCConfigurationList;
			buildConfigurations = (
				92244F52277EF66100A5F5D8 /* Debug */,
				92244F53277EF66100A5F5D8 /* Release */,
			);
			defaultConfigurationIsVisible = 0;
			defaultConfigurationName = Release;
		};
		92244F54277EF66100A5F5D8 /* Build configuration list for PBXNativeTarget "hw24_Obj-C_Denis_Drawings" */ = {
			isa = XCConfigurationList;
			buildConfigurations = (
				92244F55277EF66100A5F5D8 /* Debug */,
				92244F56277EF66100A5F5D8 /* Release */,
			);
			defaultConfigurationIsVisible = 0;
			defaultConfigurationName = Release;
		};
/* End XCConfigurationList section */
	};
	rootObject = 92244F38277EF66000A5F5D8 /* Project object */;
}
